<?xml version="1.0" encoding="utf-8"?>
<Project ToolsVersion="17.0" xmlns="http://schemas.microsoft.com/developer/msbuild/2003">
  <ItemGroup>
    <CustomBuild Include="E:\Games\DC3WY\DC3WYMesTextTool_GUI and Patch\DC3WYPatch a\build_dc3wy\CMakeFiles\298b030e4fb58c66752c7d22d670d9ea\generate.stamp.rule">
      <Filter>CMake Rules</Filter>
    </CustomBuild>
  </ItemGroup>
  <ItemGroup>
    <Filter Include="CMake Rules">
      <UniqueIdentifier>{6859CFB1-CFD2-33A1-9D8D-C06E169992A2}</UniqueIdentifier>
    </Filter>
  </ItemGroup>
</Project>
